
Microsoft Visual Studio Solution File, Format Version 11.00
# Visual Studio 2010
Project("{8BC9CEB8-8B4A-11D0-8D11-00A0C91BC942}") = "tutorial1", "tutorial1\tutorial1.vcxproj", "{9DF25F6F-D55D-42A9-A621-D78BAAF3B857}"
EndProject
Project("{8BC9CEB8-8B4A-11D0-8D11-00A0C91BC942}") = "tutorial2", "tutorial2\tutorial2.vcxproj", "{194CB943-A695-4BC0-836E-02D0C58B4C18}"
EndProject
Global
	GlobalSection(SolutionConfigurationPlatforms) = preSolution
		Debug|Win32 = Debug|Win32
		Release|Win32 = Release|Win32
	EndGlobalSection
	GlobalSection(ProjectConfigurationPlatforms) = postSolution
		{9DF25F6F-D55D-42A9-A621-D78BAAF3B857}.Debug|Win32.ActiveCfg = Debug|Win32
		{9DF25F6F-D55D-42A9-A621-D78BAAF3B857}.Debug|Win32.Build.0 = Debug|Win32
		{9DF25F6F-D55D-42A9-A621-D78BAAF3B857}.Release|Win32.ActiveCfg = Release|Win32
		{9DF25F6F-D55D-42A9-A621-D78BAAF3B857}.Release|Win32.Build.0 = Release|Win32
		{194CB943-A695-4BC0-836E-02D0C58B4C18}.Debug|Win32.ActiveCfg = Debug|Win32
		{194CB943-A695-4BC0-836E-02D0C58B4C18}.Debug|Win32.Build.0 = Debug|Win32
		{194CB943-A695-4BC0-836E-02D0C58B4C18}.Release|Win32.ActiveCfg = Release|Win32
		{194CB943-A695-4BC0-836E-02D0C58B4C18}.Release|Win32.Build.0 = Release|Win32
	EndGlobalSection
	GlobalSection(SolutionProperties) = preSolution
		HideSolutionNode = FALSE
	EndGlobalSection
EndGlobal
